
Microsoft Visual Studio Solution File, Format Version 12.00
# Visual Studio Version 17
VisualStudioVersion = 17.8.34525.116
MinimumVisualStudioVersion = 10.0.40219.1
Project("{FAE04EC0-301F-11D3-BF4B-00C04F79EFBC}") = "TelegramBot", "TelegramBot\TelegramBot.csproj", "{5054DD4E-7A39-4F50-ABAC-BB4F8C6246F2}"
EndProject
Global
	GlobalSection(SolutionConfigurationPlatforms) = preSolution
		Debug|Any CPU = Debug|Any CPU
		Release|Any CPU = Release|Any CPU
	EndGlobalSection
	GlobalSection(ProjectConfigurationPlatforms) = postSolution
		{5054DD4E-7A39-4F50-ABAC-BB4F8C6246F2}.Debug|Any CPU.ActiveCfg = Debug|Any CPU
		{5054DD4E-7A39-4F50-ABAC-BB4F8C6246F2}.Debug|Any CPU.Build.0 = Debug|Any CPU
		{5054DD4E-7A39-4F50-ABAC-BB4F8C6246F2}.Release|Any CPU.ActiveCfg = Release|Any CPU
		{5054DD4E-7A39-4F50-ABAC-BB4F8C6246F2}.Release|Any CPU.Build.0 = Release|Any CPU
	EndGlobalSection
	GlobalSection(SolutionProperties) = preSolution
		HideSolutionNode = FALSE
	EndGlobalSection
	GlobalSection(ExtensibilityGlobals) = postSolution
		SolutionGuid = {D9AEB606-24A5-4C0A-A3DE-45DDD4993E5C}
	EndGlobalSection
EndGlobal
